// !$*UTF8*$!
{
	archiveVersion = 1;
	classes = {
	};
	objectVersion = 51;
	objects = {

/* Begin PBXBuildFile section */
		1739D8FF24C1C39400AC50C3 /* AppDelegate.swift in Sources */ = {isa = PBXBuildFile; fileRef = 1739D8FE24C1C39400AC50C3 /* AppDelegate.swift */; };
		1739D90324C1C39400AC50C3 /* ViewController.swift in Sources */ = {isa = PBXBuildFile; fileRef = 1739D90224C1C39400AC50C3 /* ViewController.swift */; };
		1739D90624C1C39400AC50C3 /* Main.storyboard in Resources */ = {isa = PBXBuildFile; fileRef = 1739D90424C1C39400AC50C3 /* Main.storyboard */; };
		1739D90824C1C39600AC50C3 /* Assets.xcassets in Resources */ = {isa = PBXBuildFile; fileRef = 1739D90724C1C39600AC50C3 /* Assets.xcassets */; };
		1739D90B24C1C39600AC50C3 /* LaunchScreen.storyboard in Resources */ = {isa = PBXBuildFile; fileRef = 1739D90924C1C39600AC50C3 /* LaunchScreen.storyboard */; };
		1739D91324C1C49E00AC50C3 /* DatabaseAccess.swift in Sources */ = {isa = PBXBuildFile; fileRef = 1739D91224C1C49E00AC50C3 /* DatabaseAccess.swift */; };
		1739D91C24C1C51600AC50C3 /* Constant.swift in Sources */ = {isa = PBXBuildFile; fileRef = 1739D91B24C1C51600AC50C3 /* Constant.swift */; };
		17988D2224C1D6A1008596D2 /* IQKeyboardManager.swift in Sources */ = {isa = PBXBuildFile; fileRef = 17988D2124C1D6A1008596D2 /* IQKeyboardManager.swift */; };
		17988D2524C1D990008596D2 /* Hello World.db in Resources */ = {isa = PBXBuildFile; fileRef = 17988D2424C1D990008596D2 /* Hello World.db */; };
		17988D2724C1DA83008596D2 /* EventsModel.swift in Sources */ = {isa = PBXBuildFile; fileRef = 17988D2624C1DA83008596D2 /* EventsModel.swift */; };
		6D8326D4FBF0E5BCBD94E412 /* Pods_EventsDemo.framework in Frameworks */ = {isa = PBXBuildFile; fileRef = 99FB751B653756192315831A /* Pods_EventsDemo.framework */; };
/* End PBXBuildFile section */

/* Begin PBXFileReference section */
		0C7F6D277E8E7464F8E1B11A /* Pods-EventsDemo.debug.xcconfig */ = {isa = PBXFileReference; includeInIndex = 1; lastKnownFileType = text.xcconfig; name = "Pods-EventsDemo.debug.xcconfig"; path = "Target Support Files/Pods-EventsDemo/Pods-EventsDemo.debug.xcconfig"; sourceTree = "<group>"; };
		1739D8FB24C1C39400AC50C3 /* EventsDemo.app */ = {isa = PBXFileReference; explicitFileType = wrapper.application; includeInIndex = 0; path = EventsDemo.app; sourceTree = BUILT_PRODUCTS_DIR; };
		1739D8FE24C1C39400AC50C3 /* AppDelegate.swift */ = {isa = PBXFileReference; lastKnownFileType = sourcecode.swift; path = AppDelegate.swift; sourceTree = "<group>"; };
		1739D90224C1C39400AC50C3 /* ViewController.swift */ = {isa = PBXFileReference; lastKnownFileType = sourcecode.swift; path = ViewController.swift; sourceTree = "<group>"; };
		1739D90524C1C39400AC50C3 /* Base */ = {isa = PBXFileReference; lastKnownFileType = file.storyboard; name = Base; path = Base.lproj/Main.storyboard; sourceTree = "<group>"; };
		1739D90724C1C39600AC50C3 /* Assets.xcassets */ = {isa = PBXFileReference; lastKnownFileType = folder.assetcatalog; path = Assets.xcassets; sourceTree = "<group>"; };
		1739D90A24C1C39600AC50C3 /* Base */ = {isa = PBXFileReference; lastKnownFileType = file.storyboard; name = Base; path = Base.lproj/LaunchScreen.storyboard; sourceTree = "<group>"; };
		1739D90C24C1C39600AC50C3 /* Info.plist */ = {isa = PBXFileReference; lastKnownFileType = text.plist.xml; path = Info.plist; sourceTree = "<group>"; };
		1739D91224C1C49E00AC50C3 /* DatabaseAccess.swift */ = {isa = PBXFileReference; fileEncoding = 4; lastKnownFileType = sourcecode.swift; path = DatabaseAccess.swift; sourceTree = "<group>"; };
		1739D91B24C1C51600AC50C3 /* Constant.swift */ = {isa = PBXFileReference; lastKnownFileType = sourcecode.swift; path = Constant.swift; sourceTree = "<group>"; };
		17988D2124C1D6A1008596D2 /* IQKeyboardManager.swift */ = {isa = PBXFileReference; fileEncoding = 4; lastKnownFileType = sourcecode.swift; path = IQKeyboardManager.swift; sourceTree = "<group>"; };
		17988D2424C1D990008596D2 /* Hello World.db */ = {isa = PBXFileReference; lastKnownFileType = file; path = "Hello World.db"; sourceTree = "<group>"; };
		17988D2624C1DA83008596D2 /* EventsModel.swift */ = {isa = PBXFileReference; lastKnownFileType = sourcecode.swift; path = EventsModel.swift; sourceTree = "<group>"; };
		99FB751B653756192315831A /* Pods_EventsDemo.framework */ = {isa = PBXFileReference; explicitFileType = wrapper.framework; includeInIndex = 0; path = Pods_EventsDemo.framework; sourceTree = BUILT_PRODUCTS_DIR; };
		EAA2F106836C74AAD32E7AF2 /* Pods-EventsDemo.release.xcconfig */ = {isa = PBXFileReference; includeInIndex = 1; lastKnownFileType = text.xcconfig; name = "Pods-EventsDemo.release.xcconfig"; path = "Target Support Files/Pods-EventsDemo/Pods-EventsDemo.release.xcconfig"; sourceTree = "<group>"; };
/* End PBXFileReference section */

/* Begin PBXFrameworksBuildPhase section */
		1739D8F824C1C39400AC50C3 /* Frameworks */ = {
			isa = PBXFrameworksBuildPhase;
			buildActionMask = 2147483647;
			files = (
				6D8326D4FBF0E5BCBD94E412 /* Pods_EventsDemo.framework in Frameworks */,
			);
			runOnlyForDeploymentPostprocessing = 0;
		};
/* End PBXFrameworksBuildPhase section */

/* Begin PBXGroup section */
		0A34604F8CE87FB1EE29E5BF /* Frameworks */ = {
			isa = PBXGroup;
			children = (
				99FB751B653756192315831A /* Pods_EventsDemo.framework */,
			);
			name = Frameworks;
			sourceTree = "<group>";
		};
		1739D8F224C1C39400AC50C3 = {
			isa = PBXGroup;
			children = (
				1739D8FD24C1C39400AC50C3 /* EventsDemo */,
				1739D8FC24C1C39400AC50C3 /* Products */,
				543CF0CF30D23EFC124B1C27 /* Pods */,
				0A34604F8CE87FB1EE29E5BF /* Frameworks */,
			);
			sourceTree = "<group>";
		};
		1739D8FC24C1C39400AC50C3 /* Products */ = {
			isa = PBXGroup;
			children = (
				1739D8FB24C1C39400AC50C3 /* EventsDemo.app */,
			);
			name = Products;
			sourceTree = "<group>";
		};
		1739D8FD24C1C39400AC50C3 /* EventsDemo */ = {
			isa = PBXGroup;
			children = (
				1739D91924C1C4E200AC50C3 /* Delegate */,
				1739D91524C1C4AF00AC50C3 /* Model */,
				1739D91624C1C4C100AC50C3 /* View */,
				1739D91724C1C4C500AC50C3 /* Controllers */,
				1739D91824C1C4D700AC50C3 /* Supporting Files */,
				1739D91A24C1C50200AC50C3 /* Project Manager */,
				17988D2324C1D97B008596D2 /* Database */,
			);
			path = EventsDemo;
			sourceTree = "<group>";
		};
		1739D91524C1C4AF00AC50C3 /* Model */ = {
			isa = PBXGroup;
			children = (
				17988D2624C1DA83008596D2 /* EventsModel.swift */,
			);
			path = Model;
			sourceTree = "<group>";
		};
		1739D91624C1C4C100AC50C3 /* View */ = {
			isa = PBXGroup;
			children = (
				1739D90424C1C39400AC50C3 /* Main.storyboard */,
				1739D90924C1C39600AC50C3 /* LaunchScreen.storyboard */,
			);
			path = View;
			sourceTree = "<group>";
		};
		1739D91724C1C4C500AC50C3 /* Controllers */ = {
			isa = PBXGroup;
			children = (
				1739D90224C1C39400AC50C3 /* ViewController.swift */,
			);
			path = Controllers;
			sourceTree = "<group>";
		};
		1739D91824C1C4D700AC50C3 /* Supporting Files */ = {
			isa = PBXGroup;
			children = (
				17988D2124C1D6A1008596D2 /* IQKeyboardManager.swift */,
				1739D90724C1C39600AC50C3 /* Assets.xcassets */,
				1739D90C24C1C39600AC50C3 /* Info.plist */,
			);
			path = "Supporting Files";
			sourceTree = "<group>";
		};
		1739D91924C1C4E200AC50C3 /* Delegate */ = {
			isa = PBXGroup;
			children = (
				1739D8FE24C1C39400AC50C3 /* AppDelegate.swift */,
			);
			path = Delegate;
			sourceTree = "<group>";
		};
		1739D91A24C1C50200AC50C3 /* Project Manager */ = {
			isa = PBXGroup;
			children = (
				1739D91B24C1C51600AC50C3 /* Constant.swift */,
			);
			path = "Project Manager";
			sourceTree = "<group>";
		};
		17988D2324C1D97B008596D2 /* Database */ = {
			isa = PBXGroup;
			children = (
				1739D91224C1C49E00AC50C3 /* DatabaseAccess.swift */,
				17988D2424C1D990008596D2 /* Hello World.db */,
			);
			path = Database;
			sourceTree = "<group>";
		};
		543CF0CF30D23EFC124B1C27 /* Pods */ = {
			isa = PBXGroup;
			children = (
				0C7F6D277E8E7464F8E1B11A /* Pods-EventsDemo.debug.xcconfig */,
				EAA2F106836C74AAD32E7AF2 /* Pods-EventsDemo.release.xcconfig */,
			);
			path = Pods;
			sourceTree = "<group>";
		};
/* End PBXGroup section */

/* Begin PBXNativeTarget section */
		1739D8FA24C1C39400AC50C3 /* EventsDemo */ = {
			isa = PBXNativeTarget;
			buildConfigurationList = 1739D90F24C1C39600AC50C3 /* Build configuration list for PBXNativeTarget "EventsDemo" */;
			buildPhases = (
				CE4558812799D752D24215C9 /* [CP] Check Pods Manifest.lock */,
				1739D8F724C1C39400AC50C3 /* Sources */,
				1739D8F824C1C39400AC50C3 /* Frameworks */,
				1739D8F924C1C39400AC50C3 /* Resources */,
				95CB6C64E3C535A7158D742A /* [CP] Embed Pods Frameworks */,
			);
			buildRules = (
			);
			dependencies = (
			);
			name = EventsDemo;
			productName = EventsDemo;
			productReference = 1739D8FB24C1C39400AC50C3 /* EventsDemo.app */;
			productType = "com.apple.product-type.application";
		};
/* End PBXNativeTarget section */

/* Begin PBXProject section */
		1739D8F324C1C39400AC50C3 /* Project object */ = {
			isa = PBXProject;
			attributes = {
				LastSwiftUpdateCheck = 1150;
				LastUpgradeCheck = 1150;
				ORGANIZATIONNAME = "Kishan Barmawala";
				TargetAttributes = {
					1739D8FA24C1C39400AC50C3 = {
						CreatedOnToolsVersion = 11.5;
					};
				};
			};
			buildConfigurationList = 1739D8F624C1C39400AC50C3 /* Build configuration list for PBXProject "EventsDemo" */;
			compatibilityVersion = "Xcode 9.3";
			developmentRegion = en;
			hasScannedForEncodings = 0;
			knownRegions = (
				en,
				Base,
			);
			mainGroup = 1739D8F224C1C39400AC50C3;
			productRefGroup = 1739D8FC24C1C39400AC50C3 /* Products */;
			projectDirPath = "";
			projectRoot = "";
			targets = (
				1739D8FA24C1C39400AC50C3 /* EventsDemo */,
			);
		};
/* End PBXProject section */

/* Begin PBXResourcesBuildPhase section */
		1739D8F924C1C39400AC50C3 /* Resources */ = {
			isa = PBXResourcesBuildPhase;
			buildActionMask = 2147483647;
			files = (
				1739D90B24C1C39600AC50C3 /* LaunchScreen.storyboard in Resources */,
				1739D90824C1C39600AC50C3 /* Assets.xcassets in Resources */,
				17988D2524C1D990008596D2 /* Hello World.db in Resources */,
				1739D90624C1C39400AC50C3 /* Main.storyboard in Resources */,
			);
			runOnlyForDeploymentPostprocessing = 0;
		};
/* End PBXResourcesBuildPhase section */

/* Begin PBXShellScriptBuildPhase section */
		95CB6C64E3C535A7158D742A /* [CP] Embed Pods Frameworks */ = {
			isa = PBXShellScriptBuildPhase;
			buildActionMask = 2147483647;
			files = (
			);
			inputFileListPaths = (
				"${PODS_ROOT}/Target Support Files/Pods-EventsDemo/Pods-EventsDemo-frameworks-${CONFIGURATION}-input-files.xcfilelist",
			);
			name = "[CP] Embed Pods Frameworks";
			outputFileListPaths = (
				"${PODS_ROOT}/Target Support Files/Pods-EventsDemo/Pods-EventsDemo-frameworks-${CONFIGURATION}-output-files.xcfilelist",
			);
			runOnlyForDeploymentPostprocessing = 0;
			shellPath = /bin/sh;
			shellScript = "\"${PODS_ROOT}/Target Support Files/Pods-EventsDemo/Pods-EventsDemo-frameworks.sh\"\n";
			showEnvVarsInLog = 0;
		};
		CE4558812799D752D24215C9 /* [CP] Check Pods Manifest.lock */ = {
			isa = PBXShellScriptBuildPhase;
			buildActionMask = 2147483647;
			files = (
			);
			inputFileListPaths = (
			);
			inputPaths = (
				"${PODS_PODFILE_DIR_PATH}/Podfile.lock",
				"${PODS_ROOT}/Manifest.lock",
			);
			name = "[CP] Check Pods Manifest.lock";
			outputFileListPaths = (
			);
			outputPaths = (
				"$(DERIVED_FILE_DIR)/Pods-EventsDemo-checkManifestLockResult.txt",
			);
			runOnlyForDeploymentPostprocessing = 0;
			shellPath = /bin/sh;
			shellScript = "diff \"${PODS_PODFILE_DIR_PATH}/Podfile.lock\" \"${PODS_ROOT}/Manifest.lock\" > /dev/null\nif [ $? != 0 ] ; then\n    # print error to STDERR\n    echo \"error: The sandbox is not in sync with the Podfile.lock. Run 'pod install' or update your CocoaPods installation.\" >&2\n    exit 1\nfi\n# This output is used by Xcode 'outputs' to avoid re-running this script phase.\necho \"SUCCESS\" > \"${SCRIPT_OUTPUT_FILE_0}\"\n";
			showEnvVarsInLog = 0;
		};
/* End PBXShellScriptBuildPhase section */

/* Begin PBXSourcesBuildPhase section */
		1739D8F724C1C39400AC50C3 /* Sources */ = {
			isa = PBXSourcesBuildPhase;
			buildActionMask = 2147483647;
			files = (
				1739D91324C1C49E00AC50C3 /* DatabaseAccess.swift in Sources */,
				17988D2224C1D6A1008596D2 /* IQKeyboardManager.swift in Sources */,
				1739D90324C1C39400AC50C3 /* ViewController.swift in Sources */,
				1739D8FF24C1C39400AC50C3 /* AppDelegate.swift in Sources */,
				17988D2724C1DA83008596D2 /* EventsModel.swift in Sources */,
				1739D91C24C1C51600AC50C3 /* Constant.swift in Sources */,
			);
			runOnlyForDeploymentPostprocessing = 0;
		};
/* End PBXSourcesBuildPhase section */

/* Begin PBXVariantGroup section */
		1739D90424C1C39400AC50C3 /* Main.storyboard */ = {
			isa = PBXVariantGroup;
			children = (
				1739D90524C1C39400AC50C3 /* Base */,
			);
			name = Main.storyboard;
			sourceTree = "<group>";
		};
		1739D90924C1C39600AC50C3 /* LaunchScreen.storyboard */ = {
			isa = PBXVariantGroup;
			children = (
				1739D90A24C1C39600AC50C3 /* Base */,
			);
			name = LaunchScreen.storyboard;
			sourceTree = "<group>";
		};
/* End PBXVariantGroup section */

/* Begin XCBuildConfiguration section */
		1739D90D24C1C39600AC50C3 /* Debug */ = {
			isa = XCBuildConfiguration;
			buildSettings = {
				ALWAYS_SEARCH_USER_PATHS = NO;
				CLANG_ANALYZER_NONNULL = YES;
				CLANG_ANALYZER_NUMBER_OBJECT_CONVERSION = YES_AGGRESSIVE;
				CLANG_CXX_LANGUAGE_STANDARD = "gnu++14";
				CLANG_CXX_LIBRARY = "libc++";
				CLANG_ENABLE_MODULES = YES;
				CLANG_ENABLE_OBJC_ARC = YES;
				CLANG_ENABLE_OBJC_WEAK = YES;
				CLANG_WARN_BLOCK_CAPTURE_AUTORELEASING = YES;
				CLANG_WARN_BOOL_CONVERSION = YES;
				CLANG_WARN_COMMA = YES;
				CLANG_WARN_CONSTANT_CONVERSION = YES;
				CLANG_WARN_DEPRECATED_OBJC_IMPLEMENTATIONS = YES;
				CLANG_WARN_DIRECT_OBJC_ISA_USAGE = YES_ERROR;
				CLANG_WARN_DOCUMENTATION_COMMENTS = YES;
				CLANG_WARN_EMPTY_BODY = YES;
				CLANG_WARN_ENUM_CONVERSION = YES;
				CLANG_WARN_INFINITE_RECURSION = YES;
				CLANG_WARN_INT_CONVERSION = YES;
				CLANG_WARN_NON_LITERAL_NULL_CONVERSION = YES;
				CLANG_WARN_OBJC_IMPLICIT_RETAIN_SELF = YES;
				CLANG_WARN_OBJC_LITERAL_CONVERSION = YES;
				CLANG_WARN_OBJC_ROOT_CLASS = YES_ERROR;
				CLANG_WARN_RANGE_LOOP_ANALYSIS = YES;
				CLANG_WARN_STRICT_PROTOTYPES = YES;
				CLANG_WARN_SUSPICIOUS_MOVE = YES;
				CLANG_WARN_UNGUARDED_AVAILABILITY = YES_AGGRESSIVE;
				CLANG_WARN_UNREACHABLE_CODE = YES;
				CLANG_WARN__DUPLICATE_METHOD_MATCH = YES;
				COPY_PHASE_STRIP = NO;
				DEBUG_INFORMATION_FORMAT = dwarf;
				ENABLE_STRICT_OBJC_MSGSEND = YES;
				ENABLE_TESTABILITY = YES;
				GCC_C_LANGUAGE_STANDARD = gnu11;
				GCC_DYNAMIC_NO_PIC = NO;
				GCC_NO_COMMON_BLOCKS = YES;
				GCC_OPTIMIZATION_LEVEL = 0;
				GCC_PREPROCESSOR_DEFINITIONS = (
					"DEBUG=1",
					"$(inherited)",
				);
				GCC_WARN_64_TO_32_BIT_CONVERSION = YES;
				GCC_WARN_ABOUT_RETURN_TYPE = YES_ERROR;
				GCC_WARN_UNDECLARED_SELECTOR = YES;
				GCC_WARN_UNINITIALIZED_AUTOS = YES_AGGRESSIVE;
				GCC_WARN_UNUSED_FUNCTION = YES;
				GCC_WARN_UNUSED_VARIABLE = YES;
				IPHONEOS_DEPLOYMENT_TARGET = 13.5;
				MTL_ENABLE_DEBUG_INFO = INCLUDE_SOURCE;
				MTL_FAST_MATH = YES;
				ONLY_ACTIVE_ARCH = YES;
				SDKROOT = iphoneos;
				SWIFT_ACTIVE_COMPILATION_CONDITIONS = DEBUG;
				SWIFT_OPTIMIZATION_LEVEL = "-Onone";
			};
			name = Debug;
		};
		1739D90E24C1C39600AC50C3 /* Release */ = {
			isa = XCBuildConfiguration;
			buildSettings = {
				ALWAYS_SEARCH_USER_PATHS = NO;
				CLANG_ANALYZER_NONNULL = YES;
				CLANG_ANALYZER_NUMBER_OBJECT_CONVERSION = YES_AGGRESSIVE;
				CLANG_CXX_LANGUAGE_STANDARD = "gnu++14";
				CLANG_CXX_LIBRARY = "libc++";
				CLANG_ENABLE_MODULES = YES;
				CLANG_ENABLE_OBJC_ARC = YES;
				CLANG_ENABLE_OBJC_WEAK = YES;
				CLANG_WARN_BLOCK_CAPTURE_AUTORELEASING = YES;
				CLANG_WARN_BOOL_CONVERSION = YES;
				CLANG_WARN_COMMA = YES;
				CLANG_WARN_CONSTANT_CONVERSION = YES;
				CLANG_WARN_DEPRECATED_OBJC_IMPLEMENTATIONS = YES;
				CLANG_WARN_DIRECT_OBJC_ISA_USAGE = YES_ERROR;
				CLANG_WARN_DOCUMENTATION_COMMENTS = YES;
				CLANG_WARN_EMPTY_BODY = YES;
				CLANG_WARN_ENUM_CONVERSION = YES;
				CLANG_WARN_INFINITE_RECURSION = YES;
				CLANG_WARN_INT_CONVERSION = YES;
				CLANG_WARN_NON_LITERAL_NULL_CONVERSION = YES;
				CLANG_WARN_OBJC_IMPLICIT_RETAIN_SELF = YES;
				CLANG_WARN_OBJC_LITERAL_CONVERSION = YES;
				CLANG_WARN_OBJC_ROOT_CLASS = YES_ERROR;
				CLANG_WARN_RANGE_LOOP_ANALYSIS = YES;
				CLANG_WARN_STRICT_PROTOTYPES = YES;
				CLANG_WARN_SUSPICIOUS_MOVE = YES;
				CLANG_WARN_UNGUARDED_AVAILABILITY = YES_AGGRESSIVE;
				CLANG_WARN_UNREACHABLE_CODE = YES;
				CLANG_WARN__DUPLICATE_METHOD_MATCH = YES;
				COPY_PHASE_STRIP = NO;
				DEBUG_INFORMATION_FORMAT = "dwarf-with-dsym";
				ENABLE_NS_ASSERTIONS = NO;
				ENABLE_STRICT_OBJC_MSGSEND = YES;
				GCC_C_LANGUAGE_STANDARD = gnu11;
				GCC_NO_COMMON_BLOCKS = YES;
				GCC_WARN_64_TO_32_BIT_CONVERSION = YES;
				GCC_WARN_ABOUT_RETURN_TYPE = YES_ERROR;
				GCC_WARN_UNDECLARED_SELECTOR = YES;
				GCC_WARN_UNINITIALIZED_AUTOS = YES_AGGRESSIVE;
				GCC_WARN_UNUSED_FUNCTION = YES;
				GCC_WARN_UNUSED_VARIABLE = YES;
				IPHONEOS_DEPLOYMENT_TARGET = 13.5;
				MTL_ENABLE_DEBUG_INFO = NO;
				MTL_FAST_MATH = YES;
				SDKROOT = iphoneos;
				SWIFT_COMPILATION_MODE = wholemodule;
				SWIFT_OPTIMIZATION_LEVEL = "-O";
				VALIDATE_PRODUCT = YES;
			};
			name = Release;
		};
		1739D91024C1C39600AC50C3 /* Debug */ = {
			isa = XCBuildConfiguration;
			baseConfigurationReference = 0C7F6D277E8E7464F8E1B11A /* Pods-EventsDemo.debug.xcconfig */;
			buildSettings = {
				ASSETCATALOG_COMPILER_APPICON_NAME = AppIcon;
				CODE_SIGN_STYLE = Automatic;
				DEVELOPMENT_TEAM = MK7VTXY427;
				INFOPLIST_FILE = "EventsDemo/Supporting Files/Info.plist";
				LD_RUNPATH_SEARCH_PATHS = (
					"$(inherited)",
					"@executable_path/Frameworks",
				);
				PRODUCT_BUNDLE_IDENTIFIER = com.kian.EventsDemo;
				PRODUCT_NAME = "$(TARGET_NAME)";
				SWIFT_VERSION = 5.0;
				TARGETED_DEVICE_FAMILY = "1,2";
			};
			name = Debug;
		};
		1739D91124C1C39600AC50C3 /* Release */ = {
			isa = XCBuildConfiguration;
			baseConfigurationReference = EAA2F106836C74AAD32E7AF2 /* Pods-EventsDemo.release.xcconfig */;
			buildSettings = {
				ASSETCATALOG_COMPILER_APPICON_NAME = AppIcon;
				CODE_SIGN_STYLE = Automatic;
				DEVELOPMENT_TEAM = MK7VTXY427;
				INFOPLIST_FILE = "EventsDemo/Supporting Files/Info.plist";
				LD_RUNPATH_SEARCH_PATHS = (
					"$(inherited)",
					"@executable_path/Frameworks",
				);
				PRODUCT_BUNDLE_IDENTIFIER = com.kian.EventsDemo;
				PRODUCT_NAME = "$(TARGET_NAME)";
				SWIFT_VERSION = 5.0;
				TARGETED_DEVICE_FAMILY = "1,2";
			};
			name = Release;
		};
/* End XCBuildConfiguration section */

/* Begin XCConfigurationList section */
		1739D8F624C1C39400AC50C3 /* Build configuration list for PBXProject "EventsDemo" */ = {
			isa = XCConfigurationList;
			buildConfigurations = (
				1739D90D24C1C39600AC50C3 /* Debug */,
				1739D90E24C1C39600AC50C3 /* Release */,
			);
			defaultConfigurationIsVisible = 0;
			defaultConfigurationName = Release;
		};
		1739D90F24C1C39600AC50C3 /* Build configuration list for PBXNativeTarget "EventsDemo" */ = {
			isa = XCConfigurationList;
			buildConfigurations = (
				1739D91024C1C39600AC50C3 /* Debug */,
				1739D91124C1C39600AC50C3 /* Release */,
			);
			defaultConfigurationIsVisible = 0;
			defaultConfigurationName = Release;
		};
/* End XCConfigurationList section */
	};
	rootObject = 1739D8F324C1C39400AC50C3 /* Project object */;
}
